
Microsoft Visual Studio Solution File, Format Version 12.00
# Visual Studio Version 16
VisualStudioVersion = 16.0.31205.134
MinimumVisualStudioVersion = 10.0.40219.1
Project("{FAE04EC0-301F-11D3-BF4B-00C04F79EFBC}") = "Queens", "Queens\Queens.csproj", "{572D6E22-C4E6-4199-819F-68350F7B157F}"
EndProject
Global
	GlobalSection(SolutionConfigurationPlatforms) = preSolution
		Debug|Any CPU = Debug|Any CPU
		Release|Any CPU = Release|Any CPU
	EndGlobalSection
	GlobalSection(ProjectConfigurationPlatforms) = postSolution
		{572D6E22-C4E6-4199-819F-68350F7B157F}.Debug|Any CPU.ActiveCfg = Debug|Any CPU
		{572D6E22-C4E6-4199-819F-68350F7B157F}.Debug|Any CPU.Build.0 = Debug|Any CPU
		{572D6E22-C4E6-4199-819F-68350F7B157F}.Release|Any CPU.ActiveCfg = Release|Any CPU
		{572D6E22-C4E6-4199-819F-68350F7B157F}.Release|Any CPU.Build.0 = Release|Any CPU
	EndGlobalSection
	GlobalSection(SolutionProperties) = preSolution
		HideSolutionNode = FALSE
	EndGlobalSection
	GlobalSection(ExtensibilityGlobals) = postSolution
		SolutionGuid = {0ED8B7F2-14D8-4D68-9E44-BF01BC5DF467}
	EndGlobalSection
EndGlobal
